PODS:
  - Alamofire (5.2.2)
  - AlamofireImage (4.1.0):
    - Alamofire (~> 5.1)
  - Cache (6.0.0)
  - Imaginary (5.0.0):
    - Cache (~> 6.0.0)
  - Lightbox (2.5.0):
    - Imaginary (~> 5.0.0)
  - ProgressHUD (13.4)

DEPENDENCIES:
  - Alamofire
  - AlamofireImage
  - Lightbox
  - ProgressHUD

SPEC REPOS:
  trunk:
    - Alamofire
    - AlamofireImage
    - Cache
    - Imaginary
    - Lightbox
    - ProgressHUD

SPEC CHECKSUMS:
  Alamofire: 814429acc853c6c54ff123fc3d2ef66803823ce0
  AlamofireImage: c4a2ba349885fb3064feb74d2e547bd42ce9be10
  Cache: 4ca7e00363fca5455f26534e5607634c820ffc2d
  Imaginary: cf5e3a7dd6ab1dcbd47ba8ce5edf2307c4e99eb3
  Lightbox: cc3d5124f024fa8197fd23f913160db1c61a1852
  ProgressHUD: 137a7fc677487c5581668f4490563124fb35c232

PODFILE CHECKSUM: b82a341fab2b42be6cc7dd4bd575598995e6db4d

COCOAPODS: 1.9.3
